
Microsoft Visual Studio Solution File, Format Version 12.00
# Visual Studio Version 16
VisualStudioVersion = 16.0.30517.126
MinimumVisualStudioVersion = 10.0.40219.1
Project("{FAE04EC0-301F-11D3-BF4B-00C04F79EFBC}") = "LogParser", "LogParser\LogParser.csproj", "{66966791-F8D1-48C9-94CB-3DA902ACF3C2}"
EndProject
Project("{FAE04EC0-301F-11D3-BF4B-00C04F79EFBC}") = "Common", "Common\Common.csproj", "{9303AB11-011A-44F8-A58D-053C714BD062}"
EndProject
Global
	GlobalSection(SolutionConfigurationPlatforms) = preSolution
		Debug|Any CPU = Debug|Any CPU
		Release|Any CPU = Release|Any CPU
	EndGlobalSection
	GlobalSection(ProjectConfigurationPlatforms) = postSolution
		{66966791-F8D1-48C9-94CB-3DA902ACF3C2}.Debug|Any CPU.ActiveCfg = Debug|Any CPU
		{66966791-F8D1-48C9-94CB-3DA902ACF3C2}.Debug|Any CPU.Build.0 = Debug|Any CPU
		{66966791-F8D1-48C9-94CB-3DA902ACF3C2}.Release|Any CPU.ActiveCfg = Release|Any CPU
		{66966791-F8D1-48C9-94CB-3DA902ACF3C2}.Release|Any CPU.Build.0 = Release|Any CPU
		{9303AB11-011A-44F8-A58D-053C714BD062}.Debug|Any CPU.ActiveCfg = Debug|Any CPU
		{9303AB11-011A-44F8-A58D-053C714BD062}.Debug|Any CPU.Build.0 = Debug|Any CPU
		{9303AB11-011A-44F8-A58D-053C714BD062}.Release|Any CPU.ActiveCfg = Release|Any CPU
		{9303AB11-011A-44F8-A58D-053C714BD062}.Release|Any CPU.Build.0 = Release|Any CPU
	EndGlobalSection
	GlobalSection(SolutionProperties) = preSolution
		HideSolutionNode = FALSE
	EndGlobalSection
	GlobalSection(ExtensibilityGlobals) = postSolution
		SolutionGuid = {AC8708B1-49F2-4314-B2E9-189AF3256616}
	EndGlobalSection
EndGlobal
